
Microsoft Visual Studio Solution File, Format Version 12.00
# Visual Studio Version 17
VisualStudioVersion = 17.14.36603.0 d17.14
MinimumVisualStudioVersion = 10.0.40219.1
Project("{FAE04EC0-301F-11D3-BF4B-00C04F79EFBC}") = "DroneManager", "DroneManager\DroneManager.csproj", "{711C0C70-7B71-4450-8256-3E67383C87BF}"
EndProject
Global
	GlobalSection(SolutionConfigurationPlatforms) = preSolution
		Debug|Any CPU = Debug|Any CPU
		Release|Any CPU = Release|Any CPU
	EndGlobalSection
	GlobalSection(ProjectConfigurationPlatforms) = postSolution
		{711C0C70-7B71-4450-8256-3E67383C87BF}.Debug|Any CPU.ActiveCfg = Debug|Any CPU
		{711C0C70-7B71-4450-8256-3E67383C87BF}.Debug|Any CPU.Build.0 = Debug|Any CPU
		{711C0C70-7B71-4450-8256-3E67383C87BF}.Release|Any CPU.ActiveCfg = Release|Any CPU
		{711C0C70-7B71-4450-8256-3E67383C87BF}.Release|Any CPU.Build.0 = Release|Any CPU
	EndGlobalSection
	GlobalSection(SolutionProperties) = preSolution
		HideSolutionNode = FALSE
	EndGlobalSection
	GlobalSection(ExtensibilityGlobals) = postSolution
		SolutionGuid = {1D7DCEBD-FB4C-46E1-93C6-02AB81BB06F5}
	EndGlobalSection
EndGlobal
